<?xml version="1.0" encoding="utf-8"?>
<Project ToolsVersion="4.0" xmlns="http://schemas.microsoft.com/developer/msbuild/2003">
  <ItemGroup>
    <Filter Include="Source Files">
      <UniqueIdentifier>{4FC737F1-C7A5-4376-A066-2A32D752A2FF}</UniqueIdentifier>
      <Extensions>cpp;c;cc;cxx;def;odl;idl;hpj;bat;asm;asmx</Extensions>
    </Filter>
    <Filter Include="Resource Files">
      <UniqueIdentifier>{67DA6AB6-F800-4c08-8B7A-83BB121AAD01}</UniqueIdentifier>
      <Extensions>rc;ico;cur;bmp;dlg;rc2;rct;bin;rgs;gif;jpg;jpeg;jpe;resx;tiff;tif;png;wav;mfcribbon-ms</Extensions>
    </Filter>
    <Filter Include="Source Files\Waifu">
      <UniqueIdentifier>{e1d7d704-2567-4614-a95e-8b487047779d}</UniqueIdentifier>
    </Filter>
  </ItemGroup>
  <ItemGroup>
    <ClCompile Include="..\source\main.cpp">
      <Filter>Source Files</Filter>
    </ClCompile>
    <ClCompile Include="..\source\waifu\wfos.cpp">
      <Filter>Source Files\Waifu</Filter>
    </ClCompile>
    <ClCompile Include="..\source\waifu\wfassert.cpp">
      <Filter>Source Files\Waifu</Filter>
    </ClCompile>
    <ClCompile Include="..\source\waifu\wfmath.cpp">
      <Filter>Source Files\Waifu</Filter>
    </ClCompile>
  </ItemGroup>
  <ItemGroup>
    <ClInclude Include="..\source\waifu\wfmacro.h">
      <Filter>Source Files\Waifu</Filter>
    </ClInclude>
    <ClInclude Include="..\source\waifu\wfos.h">
      <Filter>Source Files\Waifu</Filter>
    </ClInclude>
    <ClInclude Include="..\source\waifu\wfassert.h">
      <Filter>Source Files\Waifu</Filter>
    </ClInclude>
    <ClInclude Include="..\source\waifu\wfmath.h">
      <Filter>Source Files\Waifu</Filter>
    </ClInclude>
    <ClInclude Include="..\source\waifu\wftemplate.h">
      <Filter>Source Files\Waifu</Filter>
    </ClInclude>
  </ItemGroup>
</Project>